
Microsoft Visual Studio Solution File, Format Version 12.00
# Visual Studio Version 17
VisualStudioVersion = 17.5.33502.453
MinimumVisualStudioVersion = 10.0.40219.1
Project("{FAE04EC0-301F-11D3-BF4B-00C04F79EFBC}") = "LTWNC", "LTWNC\LTWNC.csproj", "{4FBEC0CB-93FD-4969-81E9-0665F602E12B}"
EndProject
Global
	GlobalSection(SolutionConfigurationPlatforms) = preSolution
		Debug|Any CPU = Debug|Any CPU
		Release|Any CPU = Release|Any CPU
	EndGlobalSection
	GlobalSection(ProjectConfigurationPlatforms) = postSolution
		{4FBEC0CB-93FD-4969-81E9-0665F602E12B}.Debug|Any CPU.ActiveCfg = Debug|Any CPU
		{4FBEC0CB-93FD-4969-81E9-0665F602E12B}.Debug|Any CPU.Build.0 = Debug|Any CPU
		{4FBEC0CB-93FD-4969-81E9-0665F602E12B}.Release|Any CPU.ActiveCfg = Release|Any CPU
		{4FBEC0CB-93FD-4969-81E9-0665F602E12B}.Release|Any CPU.Build.0 = Release|Any CPU
	EndGlobalSection
	GlobalSection(SolutionProperties) = preSolution
		HideSolutionNode = FALSE
	EndGlobalSection
	GlobalSection(ExtensibilityGlobals) = postSolution
		SolutionGuid = {D0E0CDC9-14A0-4789-81C0-D76C99741833}
	EndGlobalSection
EndGlobal
